PODS:
  - Alamofire (4.9.1)
  - AlamofireImage (3.6.0):
    - Alamofire (~> 4.9)
  - MultiPlatformLibrary (0.1.0)
  - MultiPlatformLibraryMvvm (0.3.0):
    - MultiPlatformLibrary
    - MultiPlatformLibraryMvvm/AlamofireImage (= 0.3.0)
    - MultiPlatformLibraryMvvm/Core (= 0.3.0)
    - MultiPlatformLibraryMvvm/SkyFloatingLabelTextField (= 0.3.0)
  - MultiPlatformLibraryMvvm/AlamofireImage (0.3.0):
    - AlamofireImage
    - MultiPlatformLibrary
  - MultiPlatformLibraryMvvm/Core (0.3.0):
    - MultiPlatformLibrary
  - MultiPlatformLibraryMvvm/SkyFloatingLabelTextField (0.3.0):
    - MultiPlatformLibrary
    - SkyFloatingLabelTextField
  - MultiPlatformLibraryUnits/Core (0.1.0):
    - MultiPlatformLibrary
  - SkyFloatingLabelTextField (3.7.0)

DEPENDENCIES:
  - MultiPlatformLibrary (from `../mpp-library`)
  - MultiPlatformLibraryMvvm (from `https://github.com/icerockdev/moko-mvvm.git`, tag `release/0.4.0`)
  - MultiPlatformLibraryUnits/Core (from `https://github.com/icerockdev/moko-units.git`, tag `release/0.2.0-dev-2`)

SPEC REPOS:
  https://github.com/CocoaPods/Specs.git:
    - Alamofire
    - AlamofireImage
    - SkyFloatingLabelTextField

EXTERNAL SOURCES:
  MultiPlatformLibrary:
    :path: "../mpp-library"
  MultiPlatformLibraryMvvm:
    :git: https://github.com/icerockdev/moko-mvvm.git
    :tag: release/0.4.0
  MultiPlatformLibraryUnits:
    :git: https://github.com/icerockdev/moko-units.git
    :tag: release/0.2.0-dev-2

CHECKOUT OPTIONS:
  MultiPlatformLibraryMvvm:
    :git: https://github.com/icerockdev/moko-mvvm.git
    :tag: release/0.4.0
  MultiPlatformLibraryUnits:
    :git: https://github.com/icerockdev/moko-units.git
    :tag: release/0.2.0-dev-2

SPEC CHECKSUMS:
  Alamofire: 85e8a02c69d6020a0d734f6054870d7ecb75cf18
  AlamofireImage: be9963c6582d68b39e89191f64c82a7d7bf40fdd
  MultiPlatformLibrary: 176fb8ade516666cd47e93de1b71ba0441a541bb
  MultiPlatformLibraryMvvm: 999ac3896d8214fd65e0e0a376a2e553bf4515b3
  MultiPlatformLibraryUnits: 44eda0f9372f8a095225fae2579916208ca2c8d3
  SkyFloatingLabelTextField: 4b46db0ab1ccde0919cded29c656e6b4805eda04

PODFILE CHECKSUM: 814649638d98c966c2d49f2f7e24e76cb94e82cf

COCOAPODS: 1.8.3
